
Microsoft Visual Studio Solution File, Format Version 12.00
Project("{FAE04EC0-301F-11D3-BF4B-00C04F79EFBC}") = "CalendarNew", "CalendarNew\CalendarNew.csproj", "{3BD73397-8B4B-477B-A4B2-93B15CA40FE0}"
EndProject
Global
	GlobalSection(SolutionConfigurationPlatforms) = preSolution
		Debug|Any CPU = Debug|Any CPU
		Release|Any CPU = Release|Any CPU
	EndGlobalSection
	GlobalSection(ProjectConfigurationPlatforms) = postSolution
		{3BD73397-8B4B-477B-A4B2-93B15CA40FE0}.Debug|Any CPU.ActiveCfg = Debug|Any CPU
		{3BD73397-8B4B-477B-A4B2-93B15CA40FE0}.Debug|Any CPU.Build.0 = Debug|Any CPU
		{3BD73397-8B4B-477B-A4B2-93B15CA40FE0}.Release|Any CPU.ActiveCfg = Release|Any CPU
		{3BD73397-8B4B-477B-A4B2-93B15CA40FE0}.Release|Any CPU.Build.0 = Release|Any CPU
	EndGlobalSection
EndGlobal
